PODS:
  - YDImageBrowser/Core (0.1.0)
  - YDImageBrowser/YY (0.1.0):
    - YDImageBrowser/Core
    - YYWebImage
  - YYCache (1.0.4)
  - YYImage (1.0.4):
    - YYImage/Core (= 1.0.4)
  - YYImage/Core (1.0.4)
  - YYWebImage (1.0.5):
    - YYCache
    - YYImage

DEPENDENCIES:
  - YDImageBrowser/YY (from `../`)

SPEC REPOS:
  trunk:
    - YYCache
    - YYImage
    - YYWebImage

EXTERNAL SOURCES:
  YDImageBrowser:
    :path: "../"

SPEC CHECKSUMS:
  YDImageBrowser: 07f8c820999cb6eb392a3c29d3727d67ef92a6bc
  YYCache: 8105b6638f5e849296c71f331ff83891a4942952
  YYImage: 1e1b62a9997399593e4b9c4ecfbbabbf1d3f3b54
  YYWebImage: 5f7f36aee2ae293f016d418c7d6ba05c4863e928

PODFILE CHECKSUM: 43392b9d2fae2ed1ca44187177e48be3295d7b3f

COCOAPODS: 1.10.1
